
Microsoft Visual Studio Solution File, Format Version 12.00
# Visual Studio Version 17
VisualStudioVersion = 17.0.32014.148
MinimumVisualStudioVersion = 10.0.40219.1
Project("{FAE04EC0-301F-11D3-BF4B-00C04F79EFBC}") = "LINQ.ConsoleUI", "LINQ.ConsoleUI\LINQ.ConsoleUI.csproj", "{D9C282AD-1E19-4894-925C-FA152CD4F894}"
EndProject
Project("{FAE04EC0-301F-11D3-BF4B-00C04F79EFBC}") = "LINQ.Library", "LINQ.Library\LINQ.Library.csproj", "{9032064C-F632-423A-8446-6C978C2B2DED}"
EndProject
Global
	GlobalSection(SolutionConfigurationPlatforms) = preSolution
		Debug|Any CPU = Debug|Any CPU
		Release|Any CPU = Release|Any CPU
	EndGlobalSection
	GlobalSection(ProjectConfigurationPlatforms) = postSolution
		{D9C282AD-1E19-4894-925C-FA152CD4F894}.Debug|Any CPU.ActiveCfg = Debug|Any CPU
		{D9C282AD-1E19-4894-925C-FA152CD4F894}.Debug|Any CPU.Build.0 = Debug|Any CPU
		{D9C282AD-1E19-4894-925C-FA152CD4F894}.Release|Any CPU.ActiveCfg = Release|Any CPU
		{D9C282AD-1E19-4894-925C-FA152CD4F894}.Release|Any CPU.Build.0 = Release|Any CPU
		{9032064C-F632-423A-8446-6C978C2B2DED}.Debug|Any CPU.ActiveCfg = Debug|Any CPU
		{9032064C-F632-423A-8446-6C978C2B2DED}.Debug|Any CPU.Build.0 = Debug|Any CPU
		{9032064C-F632-423A-8446-6C978C2B2DED}.Release|Any CPU.ActiveCfg = Release|Any CPU
		{9032064C-F632-423A-8446-6C978C2B2DED}.Release|Any CPU.Build.0 = Release|Any CPU
	EndGlobalSection
	GlobalSection(SolutionProperties) = preSolution
		HideSolutionNode = FALSE
	EndGlobalSection
	GlobalSection(ExtensibilityGlobals) = postSolution
		SolutionGuid = {0666815E-9576-4566-AE7E-51FBD4623E89}
	EndGlobalSection
EndGlobal
