
Microsoft Visual Studio Solution File, Format Version 12.00
# Visual Studio Version 17
VisualStudioVersion = 17.0.32014.148
MinimumVisualStudioVersion = 10.0.40219.1
Project("{9A19103F-16F7-4668-BE54-9A1E7A4F7556}") = "Basics.ConsuleUI", "Basics.ConsuleUI\Basics.ConsuleUI.csproj", "{6570B6DC-CFC6-498D-B59B-DB307E7A46F3}"
EndProject
Project("{2150E333-8FDC-42A3-9474-1A3956D46DE8}") = "Solution Items", "Solution Items", "{936443B1-5118-45DB-B239-E8A0FBDADB62}"
EndProject
Project("{FAE04EC0-301F-11D3-BF4B-00C04F79EFBC}") = "Basics.Library", "Basics.Library\Basics.Library.csproj", "{EECF110E-1029-41A4-A34E-607886994BE6}"
EndProject
Global
	GlobalSection(SolutionConfigurationPlatforms) = preSolution
		Debug|Any CPU = Debug|Any CPU
		Release|Any CPU = Release|Any CPU
	EndGlobalSection
	GlobalSection(ProjectConfigurationPlatforms) = postSolution
		{6570B6DC-CFC6-498D-B59B-DB307E7A46F3}.Debug|Any CPU.ActiveCfg = Debug|Any CPU
		{6570B6DC-CFC6-498D-B59B-DB307E7A46F3}.Debug|Any CPU.Build.0 = Debug|Any CPU
		{6570B6DC-CFC6-498D-B59B-DB307E7A46F3}.Release|Any CPU.ActiveCfg = Release|Any CPU
		{6570B6DC-CFC6-498D-B59B-DB307E7A46F3}.Release|Any CPU.Build.0 = Release|Any CPU
		{EECF110E-1029-41A4-A34E-607886994BE6}.Debug|Any CPU.ActiveCfg = Debug|Any CPU
		{EECF110E-1029-41A4-A34E-607886994BE6}.Debug|Any CPU.Build.0 = Debug|Any CPU
		{EECF110E-1029-41A4-A34E-607886994BE6}.Release|Any CPU.ActiveCfg = Release|Any CPU
		{EECF110E-1029-41A4-A34E-607886994BE6}.Release|Any CPU.Build.0 = Release|Any CPU
	EndGlobalSection
	GlobalSection(SolutionProperties) = preSolution
		HideSolutionNode = FALSE
	EndGlobalSection
	GlobalSection(ExtensibilityGlobals) = postSolution
		SolutionGuid = {EAE5982B-3927-45B7-819F-098790566C73}
	EndGlobalSection
EndGlobal
